
Microsoft Visual Studio Solution File, Format Version 12.00
# Visual Studio Version 17
VisualStudioVersion = 17.0.32014.148
MinimumVisualStudioVersion = 10.0.40219.1
Project("{FAE04EC0-301F-11D3-BF4B-00C04F79EFBC}") = "CSharp", "CSharp\CSharp.csproj", "{8CE44A76-87E1-4C07-9D96-E38FC486BB25}"
EndProject
Global
	GlobalSection(SolutionConfigurationPlatforms) = preSolution
		Debug|Any CPU = Debug|Any CPU
		Release|Any CPU = Release|Any CPU
	EndGlobalSection
	GlobalSection(ProjectConfigurationPlatforms) = postSolution
		{8CE44A76-87E1-4C07-9D96-E38FC486BB25}.Debug|Any CPU.ActiveCfg = Debug|Any CPU
		{8CE44A76-87E1-4C07-9D96-E38FC486BB25}.Debug|Any CPU.Build.0 = Debug|Any CPU
		{8CE44A76-87E1-4C07-9D96-E38FC486BB25}.Release|Any CPU.ActiveCfg = Release|Any CPU
		{8CE44A76-87E1-4C07-9D96-E38FC486BB25}.Release|Any CPU.Build.0 = Release|Any CPU
	EndGlobalSection
	GlobalSection(SolutionProperties) = preSolution
		HideSolutionNode = FALSE
	EndGlobalSection
	GlobalSection(ExtensibilityGlobals) = postSolution
		SolutionGuid = {80C68313-6215-4154-8225-550570137DFD}
	EndGlobalSection
EndGlobal
